<Solution>
  <Folder Name="/.github/" />
  <Folder Name="/.github/bicep/">
    <File Path=".github/bicep/main.bicep" />
  </Folder>
  <Folder Name="/.github/workflows/">
    <File Path=".github/workflows/main-build-deploy.yml" />
    <File Path=".github/workflows/stage-build-deploy.yml" />
    <File Path=".github/workflows/template-build-deploy.yml" />
  </Folder>
  <Folder Name="/Solution Items/">
    <File Path=".csharpierrc" />
    <File Path=".gitignore" />
    <File Path="Directory.Build.props" />
    <File Path="global.json" />
    <File Path="README.md" />
  </Folder>
  <Folder Name="/src/">
    <Project Path="src/Application/Application.csproj" />
    <Project Path="src/Domain/Domain.csproj" />
    <Project Path="src/Infrastructure/Infrastructure.csproj" />
    <Project Path="src/Shared/Shared.csproj" />
    <Project Path="src/WebAPI/WebAPI.csproj" />
    <Project Path="src/WebUI/WebUI.csproj" />
  </Folder>
  <Folder Name="/tests/">
    <Project Path="tests/Application.IntegrationTests/Application.IntegrationTests.csproj" />
    <Project Path="tests/Application.UnitTests/Application.UnitTests.csproj" />
  </Folder>
</Solution>
